
Microsoft Visual Studio Solution File, Format Version 12.00
# Visual Studio Version 17
VisualStudioVersion = 17.0.31903.59
MinimumVisualStudioVersion = 10.0.40219.1
Project("{2150E333-8FDC-42A3-9474-1A3956D46DE8}") = "src", "src", "{827E0CD3-B72D-47B6-A68D-7590B98EB39B}"
EndProject
Project("{2150E333-8FDC-42A3-9474-1A3956D46DE8}") = "Core", "Core", "{8D626EA8-CB54-BC41-363A-217881BEBA6E}"
EndProject
Project("{FAE04EC0-301F-11D3-BF4B-00C04F79EFBC}") = "ImpactSocial.Domain", "src\Core\ImpactSocial.Domain\ImpactSocial.Domain.csproj", "{88DB359C-474D-4835-A5B0-B038FCF60596}"
EndProject
Project("{FAE04EC0-301F-11D3-BF4B-00C04F79EFBC}") = "ImpactSocial.Application", "src\Core\ImpactSocial.Application\ImpactSocial.Application.csproj", "{C9677DA7-B638-4604-BFA6-E1DCDAB4F8DC}"
EndProject
Project("{2150E333-8FDC-42A3-9474-1A3956D46DE8}") = "Infrastructure", "Infrastructure", "{9048EB7F-3875-A59E-E36B-5BD4C6F2A282}"
EndProject
Project("{FAE04EC0-301F-11D3-BF4B-00C04F79EFBC}") = "ImpactSocial.Infrastructure", "src\Infrastructure\ImpactSocial.Infrastructure\ImpactSocial.Infrastructure.csproj", "{0EA60839-9B93-459D-9012-2483D6FBE8D7}"
EndProject
Project("{FAE04EC0-301F-11D3-BF4B-00C04F79EFBC}") = "ImpactSocial.Persistence", "src\Infrastructure\ImpactSocial.Persistence\ImpactSocial.Persistence.csproj", "{A478C3E6-E8D2-436A-BAF1-569CD344D3F9}"
EndProject
Project("{2150E333-8FDC-42A3-9474-1A3956D46DE8}") = "Presentation", "Presentation", "{6996BBF7-DB31-59BC-C7DD-9A7CCC6138C4}"
EndProject
Project("{FAE04EC0-301F-11D3-BF4B-00C04F79EFBC}") = "ImpactSocial.BlazorServer", "src\Presentation\ImpactSocial.BlazorServer\ImpactSocial.BlazorServer.csproj", "{B99FF594-E72A-42D1-93FF-19C64B708DD7}"
EndProject
Project("{2150E333-8FDC-42A3-9474-1A3956D46DE8}") = "tests", "tests", "{0AB3BF05-4346-4AA6-1389-037BE0695223}"
EndProject
Project("{FAE04EC0-301F-11D3-BF4B-00C04F79EFBC}") = "ImpactSocial.Domain.UnitTests", "tests\ImpactSocial.Domain.UnitTests\ImpactSocial.Domain.UnitTests.csproj", "{DDA088D5-4DE6-47E4-9293-D97A2869C846}"
EndProject
Project("{FAE04EC0-301F-11D3-BF4B-00C04F79EFBC}") = "ImpactSocial.Application.UnitTests", "tests\ImpactSocial.Application.UnitTests\ImpactSocial.Application.UnitTests.csproj", "{69AC7448-6E4B-4159-AE1F-B68CB889EAE6}"
EndProject
Project("{FAE04EC0-301F-11D3-BF4B-00C04F79EFBC}") = "ImpactSocial.Infrastructure.IntegrationTests", "tests\ImpactSocial.Infrastructure.IntegrationTests\ImpactSocial.Infrastructure.IntegrationTests.csproj", "{774A6D12-211B-4921-9944-2CB18F00A919}"
EndProject
Project("{FAE04EC0-301F-11D3-BF4B-00C04F79EFBC}") = "ImpactSocial.WebAPI.FunctionalTests", "tests\ImpactSocial.WebAPI.FunctionalTests\ImpactSocial.WebAPI.FunctionalTests.csproj", "{0E02D8E0-E001-449C-8740-3750DB023D37}"
EndProject
Global
	GlobalSection(SolutionConfigurationPlatforms) = preSolution
		Debug|Any CPU = Debug|Any CPU
		Debug|x64 = Debug|x64
		Debug|x86 = Debug|x86
		Release|Any CPU = Release|Any CPU
		Release|x64 = Release|x64
		Release|x86 = Release|x86
	EndGlobalSection
	GlobalSection(ProjectConfigurationPlatforms) = postSolution
		{88DB359C-474D-4835-A5B0-B038FCF60596}.Debug|Any CPU.ActiveCfg = Debug|Any CPU
		{88DB359C-474D-4835-A5B0-B038FCF60596}.Debug|Any CPU.Build.0 = Debug|Any CPU
		{88DB359C-474D-4835-A5B0-B038FCF60596}.Debug|x64.ActiveCfg = Debug|Any CPU
		{88DB359C-474D-4835-A5B0-B038FCF60596}.Debug|x64.Build.0 = Debug|Any CPU
		{88DB359C-474D-4835-A5B0-B038FCF60596}.Debug|x86.ActiveCfg = Debug|Any CPU
		{88DB359C-474D-4835-A5B0-B038FCF60596}.Debug|x86.Build.0 = Debug|Any CPU
		{88DB359C-474D-4835-A5B0-B038FCF60596}.Release|Any CPU.ActiveCfg = Release|Any CPU
		{88DB359C-474D-4835-A5B0-B038FCF60596}.Release|Any CPU.Build.0 = Release|Any CPU
		{88DB359C-474D-4835-A5B0-B038FCF60596}.Release|x64.ActiveCfg = Release|Any CPU
		{88DB359C-474D-4835-A5B0-B038FCF60596}.Release|x64.Build.0 = Release|Any CPU
		{88DB359C-474D-4835-A5B0-B038FCF60596}.Release|x86.ActiveCfg = Release|Any CPU
		{88DB359C-474D-4835-A5B0-B038FCF60596}.Release|x86.Build.0 = Release|Any CPU
		{C9677DA7-B638-4604-BFA6-E1DCDAB4F8DC}.Debug|Any CPU.ActiveCfg = Debug|Any CPU
		{C9677DA7-B638-4604-BFA6-E1DCDAB4F8DC}.Debug|Any CPU.Build.0 = Debug|Any CPU
		{C9677DA7-B638-4604-BFA6-E1DCDAB4F8DC}.Debug|x64.ActiveCfg = Debug|Any CPU
		{C9677DA7-B638-4604-BFA6-E1DCDAB4F8DC}.Debug|x64.Build.0 = Debug|Any CPU
		{C9677DA7-B638-4604-BFA6-E1DCDAB4F8DC}.Debug|x86.ActiveCfg = Debug|Any CPU
		{C9677DA7-B638-4604-BFA6-E1DCDAB4F8DC}.Debug|x86.Build.0 = Debug|Any CPU
		{C9677DA7-B638-4604-BFA6-E1DCDAB4F8DC}.Release|Any CPU.ActiveCfg = Release|Any CPU
		{C9677DA7-B638-4604-BFA6-E1DCDAB4F8DC}.Release|Any CPU.Build.0 = Release|Any CPU
		{C9677DA7-B638-4604-BFA6-E1DCDAB4F8DC}.Release|x64.ActiveCfg = Release|Any CPU
		{C9677DA7-B638-4604-BFA6-E1DCDAB4F8DC}.Release|x64.Build.0 = Release|Any CPU
		{C9677DA7-B638-4604-BFA6-E1DCDAB4F8DC}.Release|x86.ActiveCfg = Release|Any CPU
		{C9677DA7-B638-4604-BFA6-E1DCDAB4F8DC}.Release|x86.Build.0 = Release|Any CPU
		{0EA60839-9B93-459D-9012-2483D6FBE8D7}.Debug|Any CPU.ActiveCfg = Debug|Any CPU
		{0EA60839-9B93-459D-9012-2483D6FBE8D7}.Debug|Any CPU.Build.0 = Debug|Any CPU
		{0EA60839-9B93-459D-9012-2483D6FBE8D7}.Debug|x64.ActiveCfg = Debug|Any CPU
		{0EA60839-9B93-459D-9012-2483D6FBE8D7}.Debug|x64.Build.0 = Debug|Any CPU
		{0EA60839-9B93-459D-9012-2483D6FBE8D7}.Debug|x86.ActiveCfg = Debug|Any CPU
		{0EA60839-9B93-459D-9012-2483D6FBE8D7}.Debug|x86.Build.0 = Debug|Any CPU
		{0EA60839-9B93-459D-9012-2483D6FBE8D7}.Release|Any CPU.ActiveCfg = Release|Any CPU
		{0EA60839-9B93-459D-9012-2483D6FBE8D7}.Release|Any CPU.Build.0 = Release|Any CPU
		{0EA60839-9B93-459D-9012-2483D6FBE8D7}.Release|x64.ActiveCfg = Release|Any CPU
		{0EA60839-9B93-459D-9012-2483D6FBE8D7}.Release|x64.Build.0 = Release|Any CPU
		{0EA60839-9B93-459D-9012-2483D6FBE8D7}.Release|x86.ActiveCfg = Release|Any CPU
		{0EA60839-9B93-459D-9012-2483D6FBE8D7}.Release|x86.Build.0 = Release|Any CPU
		{A478C3E6-E8D2-436A-BAF1-569CD344D3F9}.Debug|Any CPU.ActiveCfg = Debug|Any CPU
		{A478C3E6-E8D2-436A-BAF1-569CD344D3F9}.Debug|Any CPU.Build.0 = Debug|Any CPU
		{A478C3E6-E8D2-436A-BAF1-569CD344D3F9}.Debug|x64.ActiveCfg = Debug|Any CPU
		{A478C3E6-E8D2-436A-BAF1-569CD344D3F9}.Debug|x64.Build.0 = Debug|Any CPU
		{A478C3E6-E8D2-436A-BAF1-569CD344D3F9}.Debug|x86.ActiveCfg = Debug|Any CPU
		{A478C3E6-E8D2-436A-BAF1-569CD344D3F9}.Debug|x86.Build.0 = Debug|Any CPU
		{A478C3E6-E8D2-436A-BAF1-569CD344D3F9}.Release|Any CPU.ActiveCfg = Release|Any CPU
		{A478C3E6-E8D2-436A-BAF1-569CD344D3F9}.Release|Any CPU.Build.0 = Release|Any CPU
		{A478C3E6-E8D2-436A-BAF1-569CD344D3F9}.Release|x64.ActiveCfg = Release|Any CPU
		{A478C3E6-E8D2-436A-BAF1-569CD344D3F9}.Release|x64.Build.0 = Release|Any CPU
		{A478C3E6-E8D2-436A-BAF1-569CD344D3F9}.Release|x86.ActiveCfg = Release|Any CPU
		{A478C3E6-E8D2-436A-BAF1-569CD344D3F9}.Release|x86.Build.0 = Release|Any CPU
		{B99FF594-E72A-42D1-93FF-19C64B708DD7}.Debug|Any CPU.ActiveCfg = Debug|Any CPU
		{B99FF594-E72A-42D1-93FF-19C64B708DD7}.Debug|Any CPU.Build.0 = Debug|Any CPU
		{B99FF594-E72A-42D1-93FF-19C64B708DD7}.Debug|x64.ActiveCfg = Debug|Any CPU
		{B99FF594-E72A-42D1-93FF-19C64B708DD7}.Debug|x64.Build.0 = Debug|Any CPU
		{B99FF594-E72A-42D1-93FF-19C64B708DD7}.Debug|x86.ActiveCfg = Debug|Any CPU
		{B99FF594-E72A-42D1-93FF-19C64B708DD7}.Debug|x86.Build.0 = Debug|Any CPU
		{B99FF594-E72A-42D1-93FF-19C64B708DD7}.Release|Any CPU.ActiveCfg = Release|Any CPU
		{B99FF594-E72A-42D1-93FF-19C64B708DD7}.Release|Any CPU.Build.0 = Release|Any CPU
		{B99FF594-E72A-42D1-93FF-19C64B708DD7}.Release|x64.ActiveCfg = Release|Any CPU
		{B99FF594-E72A-42D1-93FF-19C64B708DD7}.Release|x64.Build.0 = Release|Any CPU
		{B99FF594-E72A-42D1-93FF-19C64B708DD7}.Release|x86.ActiveCfg = Release|Any CPU
		{B99FF594-E72A-42D1-93FF-19C64B708DD7}.Release|x86.Build.0 = Release|Any CPU
		{DDA088D5-4DE6-47E4-9293-D97A2869C846}.Debug|Any CPU.ActiveCfg = Debug|Any CPU
		{DDA088D5-4DE6-47E4-9293-D97A2869C846}.Debug|Any CPU.Build.0 = Debug|Any CPU
		{DDA088D5-4DE6-47E4-9293-D97A2869C846}.Debug|x64.ActiveCfg = Debug|Any CPU
		{DDA088D5-4DE6-47E4-9293-D97A2869C846}.Debug|x64.Build.0 = Debug|Any CPU
		{DDA088D5-4DE6-47E4-9293-D97A2869C846}.Debug|x86.ActiveCfg = Debug|Any CPU
		{DDA088D5-4DE6-47E4-9293-D97A2869C846}.Debug|x86.Build.0 = Debug|Any CPU
		{DDA088D5-4DE6-47E4-9293-D97A2869C846}.Release|Any CPU.ActiveCfg = Release|Any CPU
		{DDA088D5-4DE6-47E4-9293-D97A2869C846}.Release|Any CPU.Build.0 = Release|Any CPU
		{DDA088D5-4DE6-47E4-9293-D97A2869C846}.Release|x64.ActiveCfg = Release|Any CPU
		{DDA088D5-4DE6-47E4-9293-D97A2869C846}.Release|x64.Build.0 = Release|Any CPU
		{DDA088D5-4DE6-47E4-9293-D97A2869C846}.Release|x86.ActiveCfg = Release|Any CPU
		{DDA088D5-4DE6-47E4-9293-D97A2869C846}.Release|x86.Build.0 = Release|Any CPU
		{69AC7448-6E4B-4159-AE1F-B68CB889EAE6}.Debug|Any CPU.ActiveCfg = Debug|Any CPU
		{69AC7448-6E4B-4159-AE1F-B68CB889EAE6}.Debug|Any CPU.Build.0 = Debug|Any CPU
		{69AC7448-6E4B-4159-AE1F-B68CB889EAE6}.Debug|x64.ActiveCfg = Debug|Any CPU
		{69AC7448-6E4B-4159-AE1F-B68CB889EAE6}.Debug|x64.Build.0 = Debug|Any CPU
		{69AC7448-6E4B-4159-AE1F-B68CB889EAE6}.Debug|x86.ActiveCfg = Debug|Any CPU
		{69AC7448-6E4B-4159-AE1F-B68CB889EAE6}.Debug|x86.Build.0 = Debug|Any CPU
		{69AC7448-6E4B-4159-AE1F-B68CB889EAE6}.Release|Any CPU.ActiveCfg = Release|Any CPU
		{69AC7448-6E4B-4159-AE1F-B68CB889EAE6}.Release|Any CPU.Build.0 = Release|Any CPU
		{69AC7448-6E4B-4159-AE1F-B68CB889EAE6}.Release|x64.ActiveCfg = Release|Any CPU
		{69AC7448-6E4B-4159-AE1F-B68CB889EAE6}.Release|x64.Build.0 = Release|Any CPU
		{69AC7448-6E4B-4159-AE1F-B68CB889EAE6}.Release|x86.ActiveCfg = Release|Any CPU
		{69AC7448-6E4B-4159-AE1F-B68CB889EAE6}.Release|x86.Build.0 = Release|Any CPU
		{774A6D12-211B-4921-9944-2CB18F00A919}.Debug|Any CPU.ActiveCfg = Debug|Any CPU
		{774A6D12-211B-4921-9944-2CB18F00A919}.Debug|Any CPU.Build.0 = Debug|Any CPU
		{774A6D12-211B-4921-9944-2CB18F00A919}.Debug|x64.ActiveCfg = Debug|Any CPU
		{774A6D12-211B-4921-9944-2CB18F00A919}.Debug|x64.Build.0 = Debug|Any CPU
		{774A6D12-211B-4921-9944-2CB18F00A919}.Debug|x86.ActiveCfg = Debug|Any CPU
		{774A6D12-211B-4921-9944-2CB18F00A919}.Debug|x86.Build.0 = Debug|Any CPU
		{774A6D12-211B-4921-9944-2CB18F00A919}.Release|Any CPU.ActiveCfg = Release|Any CPU
		{774A6D12-211B-4921-9944-2CB18F00A919}.Release|Any CPU.Build.0 = Release|Any CPU
		{774A6D12-211B-4921-9944-2CB18F00A919}.Release|x64.ActiveCfg = Release|Any CPU
		{774A6D12-211B-4921-9944-2CB18F00A919}.Release|x64.Build.0 = Release|Any CPU
		{774A6D12-211B-4921-9944-2CB18F00A919}.Release|x86.ActiveCfg = Release|Any CPU
		{774A6D12-211B-4921-9944-2CB18F00A919}.Release|x86.Build.0 = Release|Any CPU
		{0E02D8E0-E001-449C-8740-3750DB023D37}.Debug|Any CPU.ActiveCfg = Debug|Any CPU
		{0E02D8E0-E001-449C-8740-3750DB023D37}.Debug|Any CPU.Build.0 = Debug|Any CPU
		{0E02D8E0-E001-449C-8740-3750DB023D37}.Debug|x64.ActiveCfg = Debug|Any CPU
		{0E02D8E0-E001-449C-8740-3750DB023D37}.Debug|x64.Build.0 = Debug|Any CPU
		{0E02D8E0-E001-449C-8740-3750DB023D37}.Debug|x86.ActiveCfg = Debug|Any CPU
		{0E02D8E0-E001-449C-8740-3750DB023D37}.Debug|x86.Build.0 = Debug|Any CPU
		{0E02D8E0-E001-449C-8740-3750DB023D37}.Release|Any CPU.ActiveCfg = Release|Any CPU
		{0E02D8E0-E001-449C-8740-3750DB023D37}.Release|Any CPU.Build.0 = Release|Any CPU
		{0E02D8E0-E001-449C-8740-3750DB023D37}.Release|x64.ActiveCfg = Release|Any CPU
		{0E02D8E0-E001-449C-8740-3750DB023D37}.Release|x64.Build.0 = Release|Any CPU
		{0E02D8E0-E001-449C-8740-3750DB023D37}.Release|x86.ActiveCfg = Release|Any CPU
		{0E02D8E0-E001-449C-8740-3750DB023D37}.Release|x86.Build.0 = Release|Any CPU
	EndGlobalSection
	GlobalSection(SolutionProperties) = preSolution
		HideSolutionNode = FALSE
	EndGlobalSection
	GlobalSection(NestedProjects) = preSolution
		{8D626EA8-CB54-BC41-363A-217881BEBA6E} = {827E0CD3-B72D-47B6-A68D-7590B98EB39B}
		{88DB359C-474D-4835-A5B0-B038FCF60596} = {8D626EA8-CB54-BC41-363A-217881BEBA6E}
		{C9677DA7-B638-4604-BFA6-E1DCDAB4F8DC} = {8D626EA8-CB54-BC41-363A-217881BEBA6E}
		{9048EB7F-3875-A59E-E36B-5BD4C6F2A282} = {827E0CD3-B72D-47B6-A68D-7590B98EB39B}
		{0EA60839-9B93-459D-9012-2483D6FBE8D7} = {9048EB7F-3875-A59E-E36B-5BD4C6F2A282}
		{A478C3E6-E8D2-436A-BAF1-569CD344D3F9} = {9048EB7F-3875-A59E-E36B-5BD4C6F2A282}
		{6996BBF7-DB31-59BC-C7DD-9A7CCC6138C4} = {827E0CD3-B72D-47B6-A68D-7590B98EB39B}
		{B99FF594-E72A-42D1-93FF-19C64B708DD7} = {6996BBF7-DB31-59BC-C7DD-9A7CCC6138C4}
		{DDA088D5-4DE6-47E4-9293-D97A2869C846} = {0AB3BF05-4346-4AA6-1389-037BE0695223}
		{69AC7448-6E4B-4159-AE1F-B68CB889EAE6} = {0AB3BF05-4346-4AA6-1389-037BE0695223}
		{774A6D12-211B-4921-9944-2CB18F00A919} = {0AB3BF05-4346-4AA6-1389-037BE0695223}
		{0E02D8E0-E001-449C-8740-3750DB023D37} = {0AB3BF05-4346-4AA6-1389-037BE0695223}
	EndGlobalSection
EndGlobal
